// !$*UTF8*$!
{
	archiveVersion = 1;
	classes = {
	};
	objectVersion = 55;
	objects = {

/* Begin PBXBuildFile section */
		05063B8628A294F80091594C /* JSONParsingService.swift in Sources */ = {isa = PBXBuildFile; fileRef = 05063B8528A294F80091594C /* JSONParsingService.swift */; };
		0517C51A288EDD620001E2E2 /* FavoriteMoviesViewController.swift in Sources */ = {isa = PBXBuildFile; fileRef = 0517C519288EDD620001E2E2 /* FavoriteMoviesViewController.swift */; };
		0517C521288EEC8F0001E2E2 /* FavoriteMovieCollectionViewCell.swift in Sources */ = {isa = PBXBuildFile; fileRef = 0517C51F288EEC8F0001E2E2 /* FavoriteMovieCollectionViewCell.swift */; };
		0517C522288EEC8F0001E2E2 /* FavoriteMovieCollectionViewCell.xib in Resources */ = {isa = PBXBuildFile; fileRef = 0517C520288EEC8F0001E2E2 /* FavoriteMovieCollectionViewCell.xib */; };
		05223DF0288468C800F37A0C /* PosterFullViewController.swift in Sources */ = {isa = PBXBuildFile; fileRef = 05223DEF288468C800F37A0C /* PosterFullViewController.swift */; };
		0527C5E2287780F800D93561 /* MovieCollectionViewCell.xib in Resources */ = {isa = PBXBuildFile; fileRef = 0527C5E1287780F800D93561 /* MovieCollectionViewCell.xib */; };
		054DE4A5288C51B300B59032 /* RoundingTransition.swift in Sources */ = {isa = PBXBuildFile; fileRef = 054DE4A4288C51B300B59032 /* RoundingTransition.swift */; };
		054EE8B328D8F0BE00CF45FC /* FullPictureCollectionViewCell.swift in Sources */ = {isa = PBXBuildFile; fileRef = 054EE8B228D8F0BE00CF45FC /* FullPictureCollectionViewCell.swift */; };
		057BCB47286F6D530080358F /* MovieCollectionViewCell.swift in Sources */ = {isa = PBXBuildFile; fileRef = 057BCB46286F6D530080358F /* MovieCollectionViewCell.swift */; };
		057D2789288ED10B00A76F34 /* Model.swift in Sources */ = {isa = PBXBuildFile; fileRef = 057D2788288ED10B00A76F34 /* Model.swift */; };
		057EC10528D6394E00483AC8 /* FramesCollectionViewCell.swift in Sources */ = {isa = PBXBuildFile; fileRef = 057EC10428D6394E00483AC8 /* FramesCollectionViewCell.swift */; };
		05A406D428D7AD8300CEEE83 /* MoviePicturesCollectionViewCell.swift in Sources */ = {isa = PBXBuildFile; fileRef = 05A406D328D7AD8300CEEE83 /* MoviePicturesCollectionViewCell.swift */; };
		05BA7E8628650A6900C9D393 /* AppDelegate.swift in Sources */ = {isa = PBXBuildFile; fileRef = 05BA7E8528650A6900C9D393 /* AppDelegate.swift */; };
		05BA7E8828650A6900C9D393 /* SceneDelegate.swift in Sources */ = {isa = PBXBuildFile; fileRef = 05BA7E8728650A6900C9D393 /* SceneDelegate.swift */; };
		05BA7E8A28650A6900C9D393 /* MainViewController.swift in Sources */ = {isa = PBXBuildFile; fileRef = 05BA7E8928650A6900C9D393 /* MainViewController.swift */; };
		05BA7E8D28650A6900C9D393 /* Main.storyboard in Resources */ = {isa = PBXBuildFile; fileRef = 05BA7E8B28650A6900C9D393 /* Main.storyboard */; };
		05BA7E8F28650A6B00C9D393 /* Assets.xcassets in Resources */ = {isa = PBXBuildFile; fileRef = 05BA7E8E28650A6B00C9D393 /* Assets.xcassets */; };
		05BA7E9228650A6B00C9D393 /* LaunchScreen.storyboard in Resources */ = {isa = PBXBuildFile; fileRef = 05BA7E9028650A6B00C9D393 /* LaunchScreen.storyboard */; };
		05BA7E9A28650F1800C9D393 /* MovieDetailsViewController.swift in Sources */ = {isa = PBXBuildFile; fileRef = 05BA7E9928650F1800C9D393 /* MovieDetailsViewController.swift */; };
		05BA7E9C28650F3A00C9D393 /* MoviePicturesViewController.swift in Sources */ = {isa = PBXBuildFile; fileRef = 05BA7E9B28650F3A00C9D393 /* MoviePicturesViewController.swift */; };
		05BA7E9E28650F5500C9D393 /* FullPictureViewController.swift in Sources */ = {isa = PBXBuildFile; fileRef = 05BA7E9D28650F5500C9D393 /* FullPictureViewController.swift */; };
		05BA7EA2286516EC00C9D393 /* JSONModel.swift in Sources */ = {isa = PBXBuildFile; fileRef = 05BA7EA1286516EC00C9D393 /* JSONModel.swift */; };
		05C787DF289C5DE500D42518 /* Realm in Frameworks */ = {isa = PBXBuildFile; productRef = 05C787DE289C5DE500D42518 /* Realm */; };
		05C787E1289C5DE500D42518 /* RealmSwift in Frameworks */ = {isa = PBXBuildFile; productRef = 05C787E0289C5DE500D42518 /* RealmSwift */; };
		05C787E3289C656E00D42518 /* MovieObject.swift in Sources */ = {isa = PBXBuildFile; fileRef = 05C787E2289C656E00D42518 /* MovieObject.swift */; };
		05F6E18D28A0D83400EEA814 /* URLService.swift in Sources */ = {isa = PBXBuildFile; fileRef = 05F6E18C28A0D83400EEA814 /* URLService.swift */; };
/* End PBXBuildFile section */

/* Begin PBXFileReference section */
		05063B8528A294F80091594C /* JSONParsingService.swift */ = {isa = PBXFileReference; lastKnownFileType = sourcecode.swift; path = JSONParsingService.swift; sourceTree = "<group>"; };
		0517C519288EDD620001E2E2 /* FavoriteMoviesViewController.swift */ = {isa = PBXFileReference; fileEncoding = 4; lastKnownFileType = sourcecode.swift; path = FavoriteMoviesViewController.swift; sourceTree = "<group>"; };
		0517C51F288EEC8F0001E2E2 /* FavoriteMovieCollectionViewCell.swift */ = {isa = PBXFileReference; lastKnownFileType = sourcecode.swift; path = FavoriteMovieCollectionViewCell.swift; sourceTree = "<group>"; };
		0517C520288EEC8F0001E2E2 /* FavoriteMovieCollectionViewCell.xib */ = {isa = PBXFileReference; lastKnownFileType = file.xib; path = FavoriteMovieCollectionViewCell.xib; sourceTree = "<group>"; };
		05223DEF288468C800F37A0C /* PosterFullViewController.swift */ = {isa = PBXFileReference; lastKnownFileType = sourcecode.swift; path = PosterFullViewController.swift; sourceTree = "<group>"; };
		0527C5E1287780F800D93561 /* MovieCollectionViewCell.xib */ = {isa = PBXFileReference; lastKnownFileType = file.xib; path = MovieCollectionViewCell.xib; sourceTree = "<group>"; };
		054DE4A4288C51B300B59032 /* RoundingTransition.swift */ = {isa = PBXFileReference; lastKnownFileType = sourcecode.swift; path = RoundingTransition.swift; sourceTree = "<group>"; };
		054EE8B228D8F0BE00CF45FC /* FullPictureCollectionViewCell.swift */ = {isa = PBXFileReference; lastKnownFileType = sourcecode.swift; path = FullPictureCollectionViewCell.swift; sourceTree = "<group>"; };
		057BCB46286F6D530080358F /* MovieCollectionViewCell.swift */ = {isa = PBXFileReference; lastKnownFileType = sourcecode.swift; path = MovieCollectionViewCell.swift; sourceTree = "<group>"; };
		057D2788288ED10B00A76F34 /* Model.swift */ = {isa = PBXFileReference; lastKnownFileType = sourcecode.swift; path = Model.swift; sourceTree = "<group>"; };
		057EC10428D6394E00483AC8 /* FramesCollectionViewCell.swift */ = {isa = PBXFileReference; lastKnownFileType = sourcecode.swift; path = FramesCollectionViewCell.swift; sourceTree = "<group>"; };
		05A406D328D7AD8300CEEE83 /* MoviePicturesCollectionViewCell.swift */ = {isa = PBXFileReference; lastKnownFileType = sourcecode.swift; path = MoviePicturesCollectionViewCell.swift; sourceTree = "<group>"; };
		05BA7E8228650A6900C9D393 /* Movies.app */ = {isa = PBXFileReference; explicitFileType = wrapper.application; includeInIndex = 0; path = Movies.app; sourceTree = BUILT_PRODUCTS_DIR; };
		05BA7E8528650A6900C9D393 /* AppDelegate.swift */ = {isa = PBXFileReference; lastKnownFileType = sourcecode.swift; path = AppDelegate.swift; sourceTree = "<group>"; };
		05BA7E8728650A6900C9D393 /* SceneDelegate.swift */ = {isa = PBXFileReference; lastKnownFileType = sourcecode.swift; path = SceneDelegate.swift; sourceTree = "<group>"; };
		05BA7E8928650A6900C9D393 /* MainViewController.swift */ = {isa = PBXFileReference; lastKnownFileType = sourcecode.swift; path = MainViewController.swift; sourceTree = "<group>"; };
		05BA7E8C28650A6900C9D393 /* Base */ = {isa = PBXFileReference; lastKnownFileType = file.storyboard; name = Base; path = Base.lproj/Main.storyboard; sourceTree = "<group>"; };
		05BA7E8E28650A6B00C9D393 /* Assets.xcassets */ = {isa = PBXFileReference; lastKnownFileType = folder.assetcatalog; path = Assets.xcassets; sourceTree = "<group>"; };
		05BA7E9128650A6B00C9D393 /* Base */ = {isa = PBXFileReference; lastKnownFileType = file.storyboard; name = Base; path = Base.lproj/LaunchScreen.storyboard; sourceTree = "<group>"; };
		05BA7E9328650A6B00C9D393 /* Info.plist */ = {isa = PBXFileReference; lastKnownFileType = text.plist.xml; path = Info.plist; sourceTree = "<group>"; };
		05BA7E9928650F1800C9D393 /* MovieDetailsViewController.swift */ = {isa = PBXFileReference; lastKnownFileType = sourcecode.swift; path = MovieDetailsViewController.swift; sourceTree = "<group>"; };
		05BA7E9B28650F3A00C9D393 /* MoviePicturesViewController.swift */ = {isa = PBXFileReference; lastKnownFileType = sourcecode.swift; path = MoviePicturesViewController.swift; sourceTree = "<group>"; };
		05BA7E9D28650F5500C9D393 /* FullPictureViewController.swift */ = {isa = PBXFileReference; lastKnownFileType = sourcecode.swift; path = FullPictureViewController.swift; sourceTree = "<group>"; };
		05BA7EA1286516EC00C9D393 /* JSONModel.swift */ = {isa = PBXFileReference; lastKnownFileType = sourcecode.swift; path = JSONModel.swift; sourceTree = "<group>"; };
		05C787E2289C656E00D42518 /* MovieObject.swift */ = {isa = PBXFileReference; lastKnownFileType = sourcecode.swift; path = MovieObject.swift; sourceTree = "<group>"; };
		05F6E18C28A0D83400EEA814 /* URLService.swift */ = {isa = PBXFileReference; lastKnownFileType = sourcecode.swift; path = URLService.swift; sourceTree = "<group>"; };
/* End PBXFileReference section */

/* Begin PBXFrameworksBuildPhase section */
		05BA7E7F28650A6900C9D393 /* Frameworks */ = {
			isa = PBXFrameworksBuildPhase;
			buildActionMask = 2147483647;
			files = (
				05C787E1289C5DE500D42518 /* RealmSwift in Frameworks */,
				05C787DF289C5DE500D42518 /* Realm in Frameworks */,
			);
			runOnlyForDeploymentPostprocessing = 0;
		};
/* End PBXFrameworksBuildPhase section */

/* Begin PBXGroup section */
		057D2787288ED0CE00A76F34 /* Model */ = {
			isa = PBXGroup;
			children = (
				0517C51F288EEC8F0001E2E2 /* FavoriteMovieCollectionViewCell.swift */,
				057BCB46286F6D530080358F /* MovieCollectionViewCell.swift */,
				057EC10428D6394E00483AC8 /* FramesCollectionViewCell.swift */,
				05BA7EA1286516EC00C9D393 /* JSONModel.swift */,
				057D2788288ED10B00A76F34 /* Model.swift */,
				05C787E2289C656E00D42518 /* MovieObject.swift */,
				05A406D328D7AD8300CEEE83 /* MoviePicturesCollectionViewCell.swift */,
				054EE8B228D8F0BE00CF45FC /* FullPictureCollectionViewCell.swift */,
			);
			path = Model;
			sourceTree = "<group>";
		};
		057D278A288ED12A00A76F34 /* View */ = {
			isa = PBXGroup;
			children = (
				05BA7E8B28650A6900C9D393 /* Main.storyboard */,
				0527C5E1287780F800D93561 /* MovieCollectionViewCell.xib */,
				0517C520288EEC8F0001E2E2 /* FavoriteMovieCollectionViewCell.xib */,
				054DE4A4288C51B300B59032 /* RoundingTransition.swift */,
			);
			path = View;
			sourceTree = "<group>";
		};
		057D278B288ED17900A76F34 /* Controller */ = {
			isa = PBXGroup;
			children = (
				0517C519288EDD620001E2E2 /* FavoriteMoviesViewController.swift */,
				05223DEF288468C800F37A0C /* PosterFullViewController.swift */,
				05BA7E8928650A6900C9D393 /* MainViewController.swift */,
				05BA7E9928650F1800C9D393 /* MovieDetailsViewController.swift */,
				05BA7E9B28650F3A00C9D393 /* MoviePicturesViewController.swift */,
				05BA7E9D28650F5500C9D393 /* FullPictureViewController.swift */,
			);
			path = Controller;
			sourceTree = "<group>";
		};
		057D278C288ED1EE00A76F34 /* Supporting Files */ = {
			isa = PBXGroup;
			children = (
				05BA7E8528650A6900C9D393 /* AppDelegate.swift */,
				05BA7E8728650A6900C9D393 /* SceneDelegate.swift */,
				05BA7E9028650A6B00C9D393 /* LaunchScreen.storyboard */,
				05BA7E8E28650A6B00C9D393 /* Assets.xcassets */,
			);
			path = "Supporting Files";
			sourceTree = "<group>";
		};
		05BA7E7928650A6900C9D393 = {
			isa = PBXGroup;
			children = (
				05BA7E8428650A6900C9D393 /* Movies */,
				05BA7E8328650A6900C9D393 /* Products */,
			);
			sourceTree = "<group>";
		};
		05BA7E8328650A6900C9D393 /* Products */ = {
			isa = PBXGroup;
			children = (
				05BA7E8228650A6900C9D393 /* Movies.app */,
			);
			name = Products;
			sourceTree = "<group>";
		};
		05BA7E8428650A6900C9D393 /* Movies */ = {
			isa = PBXGroup;
			children = (
				05F6E18E28A0D83F00EEA814 /* Service */,
				057D278C288ED1EE00A76F34 /* Supporting Files */,
				057D278B288ED17900A76F34 /* Controller */,
				057D278A288ED12A00A76F34 /* View */,
				057D2787288ED0CE00A76F34 /* Model */,
				05BA7E9328650A6B00C9D393 /* Info.plist */,
			);
			path = Movies;
			sourceTree = "<group>";
		};
		05F6E18E28A0D83F00EEA814 /* Service */ = {
			isa = PBXGroup;
			children = (
				05F6E18C28A0D83400EEA814 /* URLService.swift */,
				05063B8528A294F80091594C /* JSONParsingService.swift */,
			);
			path = Service;
			sourceTree = "<group>";
		};
/* End PBXGroup section */

/* Begin PBXNativeTarget section */
		05BA7E8128650A6900C9D393 /* Movies */ = {
			isa = PBXNativeTarget;
			buildConfigurationList = 05BA7E9628650A6B00C9D393 /* Build configuration list for PBXNativeTarget "Movies" */;
			buildPhases = (
				05BA7E7E28650A6900C9D393 /* Sources */,
				05BA7E7F28650A6900C9D393 /* Frameworks */,
				05BA7E8028650A6900C9D393 /* Resources */,
			);
			buildRules = (
			);
			dependencies = (
			);
			name = Movies;
			packageProductDependencies = (
				05C787DE289C5DE500D42518 /* Realm */,
				05C787E0289C5DE500D42518 /* RealmSwift */,
			);
			productName = Movies;
			productReference = 05BA7E8228650A6900C9D393 /* Movies.app */;
			productType = "com.apple.product-type.application";
		};
/* End PBXNativeTarget section */

/* Begin PBXProject section */
		05BA7E7A28650A6900C9D393 /* Project object */ = {
			isa = PBXProject;
			attributes = {
				BuildIndependentTargetsInParallel = 1;
				LastSwiftUpdateCheck = 1320;
				LastUpgradeCheck = 1320;
				TargetAttributes = {
					05BA7E8128650A6900C9D393 = {
						CreatedOnToolsVersion = 13.2.1;
					};
				};
			};
			buildConfigurationList = 05BA7E7D28650A6900C9D393 /* Build configuration list for PBXProject "Movies" */;
			compatibilityVersion = "Xcode 13.0";
			developmentRegion = en;
			hasScannedForEncodings = 0;
			knownRegions = (
				en,
				Base,
			);
			mainGroup = 05BA7E7928650A6900C9D393;
			packageReferences = (
				05C787DD289C5DE500D42518 /* XCRemoteSwiftPackageReference "realm-swift" */,
			);
			productRefGroup = 05BA7E8328650A6900C9D393 /* Products */;
			projectDirPath = "";
			projectRoot = "";
			targets = (
				05BA7E8128650A6900C9D393 /* Movies */,
			);
		};
/* End PBXProject section */

/* Begin PBXResourcesBuildPhase section */
		05BA7E8028650A6900C9D393 /* Resources */ = {
			isa = PBXResourcesBuildPhase;
			buildActionMask = 2147483647;
			files = (
				05BA7E9228650A6B00C9D393 /* LaunchScreen.storyboard in Resources */,
				05BA7E8F28650A6B00C9D393 /* Assets.xcassets in Resources */,
				0517C522288EEC8F0001E2E2 /* FavoriteMovieCollectionViewCell.xib in Resources */,
				05BA7E8D28650A6900C9D393 /* Main.storyboard in Resources */,
				0527C5E2287780F800D93561 /* MovieCollectionViewCell.xib in Resources */,
			);
			runOnlyForDeploymentPostprocessing = 0;
		};
/* End PBXResourcesBuildPhase section */

/* Begin PBXSourcesBuildPhase section */
		05BA7E7E28650A6900C9D393 /* Sources */ = {
			isa = PBXSourcesBuildPhase;
			buildActionMask = 2147483647;
			files = (
				054DE4A5288C51B300B59032 /* RoundingTransition.swift in Sources */,
				05BA7E9A28650F1800C9D393 /* MovieDetailsViewController.swift in Sources */,
				05A406D428D7AD8300CEEE83 /* MoviePicturesCollectionViewCell.swift in Sources */,
				05063B8628A294F80091594C /* JSONParsingService.swift in Sources */,
				05BA7E8A28650A6900C9D393 /* MainViewController.swift in Sources */,
				0517C51A288EDD620001E2E2 /* FavoriteMoviesViewController.swift in Sources */,
				057EC10528D6394E00483AC8 /* FramesCollectionViewCell.swift in Sources */,
				057D2789288ED10B00A76F34 /* Model.swift in Sources */,
				05C787E3289C656E00D42518 /* MovieObject.swift in Sources */,
				05BA7E9E28650F5500C9D393 /* FullPictureViewController.swift in Sources */,
				05BA7E9C28650F3A00C9D393 /* MoviePicturesViewController.swift in Sources */,
				054EE8B328D8F0BE00CF45FC /* FullPictureCollectionViewCell.swift in Sources */,
				05BA7E8628650A6900C9D393 /* AppDelegate.swift in Sources */,
				05BA7EA2286516EC00C9D393 /* JSONModel.swift in Sources */,
				05223DF0288468C800F37A0C /* PosterFullViewController.swift in Sources */,
				0517C521288EEC8F0001E2E2 /* FavoriteMovieCollectionViewCell.swift in Sources */,
				057BCB47286F6D530080358F /* MovieCollectionViewCell.swift in Sources */,
				05F6E18D28A0D83400EEA814 /* URLService.swift in Sources */,
				05BA7E8828650A6900C9D393 /* SceneDelegate.swift in Sources */,
			);
			runOnlyForDeploymentPostprocessing = 0;
		};
/* End PBXSourcesBuildPhase section */

/* Begin PBXVariantGroup section */
		05BA7E8B28650A6900C9D393 /* Main.storyboard */ = {
			isa = PBXVariantGroup;
			children = (
				05BA7E8C28650A6900C9D393 /* Base */,
			);
			name = Main.storyboard;
			sourceTree = "<group>";
		};
		05BA7E9028650A6B00C9D393 /* LaunchScreen.storyboard */ = {
			isa = PBXVariantGroup;
			children = (
				05BA7E9128650A6B00C9D393 /* Base */,
			);
			name = LaunchScreen.storyboard;
			sourceTree = "<group>";
		};
/* End PBXVariantGroup section */

/* Begin XCBuildConfiguration section */
		05BA7E9428650A6B00C9D393 /* Debug */ = {
			isa = XCBuildConfiguration;
			buildSettings = {
				ALWAYS_SEARCH_USER_PATHS = NO;
				CLANG_ANALYZER_NONNULL = YES;
				CLANG_ANALYZER_NUMBER_OBJECT_CONVERSION = YES_AGGRESSIVE;
				CLANG_CXX_LANGUAGE_STANDARD = "gnu++17";
				CLANG_CXX_LIBRARY = "libc++";
				CLANG_ENABLE_MODULES = YES;
				CLANG_ENABLE_OBJC_ARC = YES;
				CLANG_ENABLE_OBJC_WEAK = YES;
				CLANG_WARN_BLOCK_CAPTURE_AUTORELEASING = YES;
				CLANG_WARN_BOOL_CONVERSION = YES;
				CLANG_WARN_COMMA = YES;
				CLANG_WARN_CONSTANT_CONVERSION = YES;
				CLANG_WARN_DEPRECATED_OBJC_IMPLEMENTATIONS = YES;
				CLANG_WARN_DIRECT_OBJC_ISA_USAGE = YES_ERROR;
				CLANG_WARN_DOCUMENTATION_COMMENTS = YES;
				CLANG_WARN_EMPTY_BODY = YES;
				CLANG_WARN_ENUM_CONVERSION = YES;
				CLANG_WARN_INFINITE_RECURSION = YES;
				CLANG_WARN_INT_CONVERSION = YES;
				CLANG_WARN_NON_LITERAL_NULL_CONVERSION = YES;
				CLANG_WARN_OBJC_IMPLICIT_RETAIN_SELF = YES;
				CLANG_WARN_OBJC_LITERAL_CONVERSION = YES;
				CLANG_WARN_OBJC_ROOT_CLASS = YES_ERROR;
				CLANG_WARN_QUOTED_INCLUDE_IN_FRAMEWORK_HEADER = YES;
				CLANG_WARN_RANGE_LOOP_ANALYSIS = YES;
				CLANG_WARN_STRICT_PROTOTYPES = YES;
				CLANG_WARN_SUSPICIOUS_MOVE = YES;
				CLANG_WARN_UNGUARDED_AVAILABILITY = YES_AGGRESSIVE;
				CLANG_WARN_UNREACHABLE_CODE = YES;
				CLANG_WARN__DUPLICATE_METHOD_MATCH = YES;
				COPY_PHASE_STRIP = NO;
				DEBUG_INFORMATION_FORMAT = dwarf;
				ENABLE_STRICT_OBJC_MSGSEND = YES;
				ENABLE_TESTABILITY = YES;
				GCC_C_LANGUAGE_STANDARD = gnu11;
				GCC_DYNAMIC_NO_PIC = NO;
				GCC_NO_COMMON_BLOCKS = YES;
				GCC_OPTIMIZATION_LEVEL = 0;
				GCC_PREPROCESSOR_DEFINITIONS = (
					"DEBUG=1",
					"$(inherited)",
				);
				GCC_WARN_64_TO_32_BIT_CONVERSION = YES;
				GCC_WARN_ABOUT_RETURN_TYPE = YES_ERROR;
				GCC_WARN_UNDECLARED_SELECTOR = YES;
				GCC_WARN_UNINITIALIZED_AUTOS = YES_AGGRESSIVE;
				GCC_WARN_UNUSED_FUNCTION = YES;
				GCC_WARN_UNUSED_VARIABLE = YES;
				IPHONEOS_DEPLOYMENT_TARGET = 15.2;
				MTL_ENABLE_DEBUG_INFO = INCLUDE_SOURCE;
				MTL_FAST_MATH = YES;
				ONLY_ACTIVE_ARCH = YES;
				SDKROOT = iphoneos;
				SWIFT_ACTIVE_COMPILATION_CONDITIONS = DEBUG;
				SWIFT_OPTIMIZATION_LEVEL = "-Onone";
			};
			name = Debug;
		};
		05BA7E9528650A6B00C9D393 /* Release */ = {
			isa = XCBuildConfiguration;
			buildSettings = {
				ALWAYS_SEARCH_USER_PATHS = NO;
				CLANG_ANALYZER_NONNULL = YES;
				CLANG_ANALYZER_NUMBER_OBJECT_CONVERSION = YES_AGGRESSIVE;
				CLANG_CXX_LANGUAGE_STANDARD = "gnu++17";
				CLANG_CXX_LIBRARY = "libc++";
				CLANG_ENABLE_MODULES = YES;
				CLANG_ENABLE_OBJC_ARC = YES;
				CLANG_ENABLE_OBJC_WEAK = YES;
				CLANG_WARN_BLOCK_CAPTURE_AUTORELEASING = YES;
				CLANG_WARN_BOOL_CONVERSION = YES;
				CLANG_WARN_COMMA = YES;
				CLANG_WARN_CONSTANT_CONVERSION = YES;
				CLANG_WARN_DEPRECATED_OBJC_IMPLEMENTATIONS = YES;
				CLANG_WARN_DIRECT_OBJC_ISA_USAGE = YES_ERROR;
				CLANG_WARN_DOCUMENTATION_COMMENTS = YES;
				CLANG_WARN_EMPTY_BODY = YES;
				CLANG_WARN_ENUM_CONVERSION = YES;
				CLANG_WARN_INFINITE_RECURSION = YES;
				CLANG_WARN_INT_CONVERSION = YES;
				CLANG_WARN_NON_LITERAL_NULL_CONVERSION = YES;
				CLANG_WARN_OBJC_IMPLICIT_RETAIN_SELF = YES;
				CLANG_WARN_OBJC_LITERAL_CONVERSION = YES;
				CLANG_WARN_OBJC_ROOT_CLASS = YES_ERROR;
				CLANG_WARN_QUOTED_INCLUDE_IN_FRAMEWORK_HEADER = YES;
				CLANG_WARN_RANGE_LOOP_ANALYSIS = YES;
				CLANG_WARN_STRICT_PROTOTYPES = YES;
				CLANG_WARN_SUSPICIOUS_MOVE = YES;
				CLANG_WARN_UNGUARDED_AVAILABILITY = YES_AGGRESSIVE;
				CLANG_WARN_UNREACHABLE_CODE = YES;
				CLANG_WARN__DUPLICATE_METHOD_MATCH = YES;
				COPY_PHASE_STRIP = NO;
				DEBUG_INFORMATION_FORMAT = "dwarf-with-dsym";
				ENABLE_NS_ASSERTIONS = NO;
				ENABLE_STRICT_OBJC_MSGSEND = YES;
				GCC_C_LANGUAGE_STANDARD = gnu11;
				GCC_NO_COMMON_BLOCKS = YES;
				GCC_WARN_64_TO_32_BIT_CONVERSION = YES;
				GCC_WARN_ABOUT_RETURN_TYPE = YES_ERROR;
				GCC_WARN_UNDECLARED_SELECTOR = YES;
				GCC_WARN_UNINITIALIZED_AUTOS = YES_AGGRESSIVE;
				GCC_WARN_UNUSED_FUNCTION = YES;
				GCC_WARN_UNUSED_VARIABLE = YES;
				IPHONEOS_DEPLOYMENT_TARGET = 15.2;
				MTL_ENABLE_DEBUG_INFO = NO;
				MTL_FAST_MATH = YES;
				SDKROOT = iphoneos;
				SWIFT_COMPILATION_MODE = wholemodule;
				SWIFT_OPTIMIZATION_LEVEL = "-O";
				VALIDATE_PRODUCT = YES;
			};
			name = Release;
		};
		05BA7E9728650A6B00C9D393 /* Debug */ = {
			isa = XCBuildConfiguration;
			buildSettings = {
				ASSETCATALOG_COMPILER_APPICON_NAME = AppIcon;
				ASSETCATALOG_COMPILER_GLOBAL_ACCENT_COLOR_NAME = AccentColor;
				CODE_SIGN_STYLE = Automatic;
				CURRENT_PROJECT_VERSION = 1;
				DEVELOPMENT_TEAM = K576QY7WLK;
				GENERATE_INFOPLIST_FILE = YES;
				INFOPLIST_FILE = Movies/Info.plist;
				INFOPLIST_KEY_UIApplicationSupportsIndirectInputEvents = YES;
				INFOPLIST_KEY_UILaunchStoryboardName = LaunchScreen;
				INFOPLIST_KEY_UIMainStoryboardFile = Main;
				INFOPLIST_KEY_UISupportedInterfaceOrientations = UIInterfaceOrientationPortrait;
				INFOPLIST_KEY_UISupportedInterfaceOrientations_iPad = "UIInterfaceOrientationPortrait UIInterfaceOrientationPortraitUpsideDown UIInterfaceOrientationLandscapeLeft UIInterfaceOrientationLandscapeRight";
				INFOPLIST_KEY_UISupportedInterfaceOrientations_iPhone = "UIInterfaceOrientationPortrait UIInterfaceOrientationLandscapeLeft UIInterfaceOrientationLandscapeRight";
				LD_RUNPATH_SEARCH_PATHS = (
					"$(inherited)",
					"@executable_path/Frameworks",
				);
				MARKETING_VERSION = 1.0;
				PRODUCT_BUNDLE_IDENTIFIER = ru.DanilRyumin.Movies;
				PRODUCT_NAME = "$(TARGET_NAME)";
				SWIFT_EMIT_LOC_STRINGS = YES;
				SWIFT_VERSION = 5.0;
				TARGETED_DEVICE_FAMILY = "1,2";
			};
			name = Debug;
		};
		05BA7E9828650A6B00C9D393 /* Release */ = {
			isa = XCBuildConfiguration;
			buildSettings = {
				ASSETCATALOG_COMPILER_APPICON_NAME = AppIcon;
				ASSETCATALOG_COMPILER_GLOBAL_ACCENT_COLOR_NAME = AccentColor;
				CODE_SIGN_STYLE = Automatic;
				CURRENT_PROJECT_VERSION = 1;
				DEVELOPMENT_TEAM = K576QY7WLK;
				GENERATE_INFOPLIST_FILE = YES;
				INFOPLIST_FILE = Movies/Info.plist;
				INFOPLIST_KEY_UIApplicationSupportsIndirectInputEvents = YES;
				INFOPLIST_KEY_UILaunchStoryboardName = LaunchScreen;
				INFOPLIST_KEY_UIMainStoryboardFile = Main;
				INFOPLIST_KEY_UISupportedInterfaceOrientations = UIInterfaceOrientationPortrait;
				INFOPLIST_KEY_UISupportedInterfaceOrientations_iPad = "UIInterfaceOrientationPortrait UIInterfaceOrientationPortraitUpsideDown UIInterfaceOrientationLandscapeLeft UIInterfaceOrientationLandscapeRight";
				INFOPLIST_KEY_UISupportedInterfaceOrientations_iPhone = "UIInterfaceOrientationPortrait UIInterfaceOrientationLandscapeLeft UIInterfaceOrientationLandscapeRight";
				LD_RUNPATH_SEARCH_PATHS = (
					"$(inherited)",
					"@executable_path/Frameworks",
				);
				MARKETING_VERSION = 1.0;
				PRODUCT_BUNDLE_IDENTIFIER = ru.DanilRyumin.Movies;
				PRODUCT_NAME = "$(TARGET_NAME)";
				SWIFT_EMIT_LOC_STRINGS = YES;
				SWIFT_VERSION = 5.0;
				TARGETED_DEVICE_FAMILY = "1,2";
			};
			name = Release;
		};
/* End XCBuildConfiguration section */

/* Begin XCConfigurationList section */
		05BA7E7D28650A6900C9D393 /* Build configuration list for PBXProject "Movies" */ = {
			isa = XCConfigurationList;
			buildConfigurations = (
				05BA7E9428650A6B00C9D393 /* Debug */,
				05BA7E9528650A6B00C9D393 /* Release */,
			);
			defaultConfigurationIsVisible = 0;
			defaultConfigurationName = Release;
		};
		05BA7E9628650A6B00C9D393 /* Build configuration list for PBXNativeTarget "Movies" */ = {
			isa = XCConfigurationList;
			buildConfigurations = (
				05BA7E9728650A6B00C9D393 /* Debug */,
				05BA7E9828650A6B00C9D393 /* Release */,
			);
			defaultConfigurationIsVisible = 0;
			defaultConfigurationName = Release;
		};
/* End XCConfigurationList section */

/* Begin XCRemoteSwiftPackageReference section */
		05C787DD289C5DE500D42518 /* XCRemoteSwiftPackageReference "realm-swift" */ = {
			isa = XCRemoteSwiftPackageReference;
			repositoryURL = "https://github.com/realm/realm-swift.git";
			requirement = {
				branch = master;
				kind = branch;
			};
		};
/* End XCRemoteSwiftPackageReference section */

/* Begin XCSwiftPackageProductDependency section */
		05C787DE289C5DE500D42518 /* Realm */ = {
			isa = XCSwiftPackageProductDependency;
			package = 05C787DD289C5DE500D42518 /* XCRemoteSwiftPackageReference "realm-swift" */;
			productName = Realm;
		};
		05C787E0289C5DE500D42518 /* RealmSwift */ = {
			isa = XCSwiftPackageProductDependency;
			package = 05C787DD289C5DE500D42518 /* XCRemoteSwiftPackageReference "realm-swift" */;
			productName = RealmSwift;
		};
/* End XCSwiftPackageProductDependency section */
	};
	rootObject = 05BA7E7A28650A6900C9D393 /* Project object */;
}
